
Microsoft Visual Studio Solution File, Format Version 12.00
# Visual Studio Version 17
VisualStudioVersion = 17.1.32407.343
MinimumVisualStudioVersion = 10.0.40219.1
Project("{9A19103F-16F7-4668-BE54-9A1E7A4F7556}") = "Bibliotek", "Bibliotek.csproj", "{58D43E11-28A9-4017-AE77-1DE27B408501}"
EndProject
Project("{FAE04EC0-301F-11D3-BF4B-00C04F79EFBC}") = "BibliotekTests", "..\BibliotekTests\BibliotekTests.csproj", "{0577AAA0-9DCF-48F1-B3DD-C45FB6A0F6D0}"
EndProject
Global
	GlobalSection(SolutionConfigurationPlatforms) = preSolution
		Debug|Any CPU = Debug|Any CPU
		Release|Any CPU = Release|Any CPU
	EndGlobalSection
	GlobalSection(ProjectConfigurationPlatforms) = postSolution
		{58D43E11-28A9-4017-AE77-1DE27B408501}.Debug|Any CPU.ActiveCfg = Debug|Any CPU
		{58D43E11-28A9-4017-AE77-1DE27B408501}.Debug|Any CPU.Build.0 = Debug|Any CPU
		{58D43E11-28A9-4017-AE77-1DE27B408501}.Release|Any CPU.ActiveCfg = Release|Any CPU
		{58D43E11-28A9-4017-AE77-1DE27B408501}.Release|Any CPU.Build.0 = Release|Any CPU
		{0577AAA0-9DCF-48F1-B3DD-C45FB6A0F6D0}.Debug|Any CPU.ActiveCfg = Debug|Any CPU
		{0577AAA0-9DCF-48F1-B3DD-C45FB6A0F6D0}.Debug|Any CPU.Build.0 = Debug|Any CPU
		{0577AAA0-9DCF-48F1-B3DD-C45FB6A0F6D0}.Release|Any CPU.ActiveCfg = Release|Any CPU
		{0577AAA0-9DCF-48F1-B3DD-C45FB6A0F6D0}.Release|Any CPU.Build.0 = Release|Any CPU
	EndGlobalSection
	GlobalSection(SolutionProperties) = preSolution
		HideSolutionNode = FALSE
	EndGlobalSection
	GlobalSection(ExtensibilityGlobals) = postSolution
		SolutionGuid = {E8525530-D718-433D-BC35-9EA837A9C3DA}
	EndGlobalSection
EndGlobal
